// !$*UTF8*$!
{
	archiveVersion = 1;
	classes = {
	};
	objectVersion = 50;
	objects = {

/* Begin PBXBuildFile section */
		119B531E26E266150048C5FE /* AppDelegate.swift in Sources */ = {isa = PBXBuildFile; fileRef = 119B531D26E266150048C5FE /* AppDelegate.swift */; };
		119B532026E266150048C5FE /* SceneDelegate.swift in Sources */ = {isa = PBXBuildFile; fileRef = 119B531F26E266150048C5FE /* SceneDelegate.swift */; };
		119B532226E266150048C5FE /* ViewController.swift in Sources */ = {isa = PBXBuildFile; fileRef = 119B532126E266150048C5FE /* ViewController.swift */; };
		119B532526E266150048C5FE /* Main.storyboard in Resources */ = {isa = PBXBuildFile; fileRef = 119B532326E266150048C5FE /* Main.storyboard */; };
		119B532726E266170048C5FE /* Assets.xcassets in Resources */ = {isa = PBXBuildFile; fileRef = 119B532626E266170048C5FE /* Assets.xcassets */; };
		119B532A26E266170048C5FE /* LaunchScreen.storyboard in Resources */ = {isa = PBXBuildFile; fileRef = 119B532826E266170048C5FE /* LaunchScreen.storyboard */; };
		119B533526E266180048C5FE /* ApplicationTests.swift in Sources */ = {isa = PBXBuildFile; fileRef = 119B533426E266180048C5FE /* ApplicationTests.swift */; };
		119B534026E266180048C5FE /* ApplicationUITests.swift in Sources */ = {isa = PBXBuildFile; fileRef = 119B533F26E266180048C5FE /* ApplicationUITests.swift */; };
		119B537426E268D90048C5FE /* Custom.framework in Frameworks */ = {isa = PBXBuildFile; fileRef = 119B537326E268D90048C5FE /* Custom.framework */; };
		119B537526E268D90048C5FE /* Custom.framework in Embed Frameworks */ = {isa = PBXBuildFile; fileRef = 119B537326E268D90048C5FE /* Custom.framework */; settings = {ATTRIBUTES = (CodeSignOnCopy, RemoveHeadersOnCopy, ); }; };
/* End PBXBuildFile section */

/* Begin PBXContainerItemProxy section */
		119B533126E266180048C5FE /* PBXContainerItemProxy */ = {
			isa = PBXContainerItemProxy;
			containerPortal = 119B531226E266150048C5FE /* Project object */;
			proxyType = 1;
			remoteGlobalIDString = 119B531926E266150048C5FE;
			remoteInfo = Application;
		};
		119B533C26E266180048C5FE /* PBXContainerItemProxy */ = {
			isa = PBXContainerItemProxy;
			containerPortal = 119B531226E266150048C5FE /* Project object */;
			proxyType = 1;
			remoteGlobalIDString = 119B531926E266150048C5FE;
			remoteInfo = Application;
		};
/* End PBXContainerItemProxy section */

/* Begin PBXCopyFilesBuildPhase section */
		119B537626E268D90048C5FE /* Embed Frameworks */ = {
			isa = PBXCopyFilesBuildPhase;
			buildActionMask = 2147483647;
			dstPath = "";
			dstSubfolderSpec = 10;
			files = (
				119B537526E268D90048C5FE /* Custom.framework in Embed Frameworks */,
			);
			name = "Embed Frameworks";
			runOnlyForDeploymentPostprocessing = 0;
		};
/* End PBXCopyFilesBuildPhase section */

/* Begin PBXFileReference section */
		119B531A26E266150048C5FE /* Application.app */ = {isa = PBXFileReference; explicitFileType = wrapper.application; includeInIndex = 0; path = Application.app; sourceTree = BUILT_PRODUCTS_DIR; };
		119B531D26E266150048C5FE /* AppDelegate.swift */ = {isa = PBXFileReference; lastKnownFileType = sourcecode.swift; path = AppDelegate.swift; sourceTree = "<group>"; };
		119B531F26E266150048C5FE /* SceneDelegate.swift */ = {isa = PBXFileReference; lastKnownFileType = sourcecode.swift; path = SceneDelegate.swift; sourceTree = "<group>"; };
		119B532126E266150048C5FE /* ViewController.swift */ = {isa = PBXFileReference; lastKnownFileType = sourcecode.swift; path = ViewController.swift; sourceTree = "<group>"; };
		119B532426E266150048C5FE /* Base */ = {isa = PBXFileReference; lastKnownFileType = file.storyboard; name = Base; path = Base.lproj/Main.storyboard; sourceTree = "<group>"; };
		119B532626E266170048C5FE /* Assets.xcassets */ = {isa = PBXFileReference; lastKnownFileType = folder.assetcatalog; path = Assets.xcassets; sourceTree = "<group>"; };
		119B532926E266170048C5FE /* Base */ = {isa = PBXFileReference; lastKnownFileType = file.storyboard; name = Base; path = Base.lproj/LaunchScreen.storyboard; sourceTree = "<group>"; };
		119B532B26E266170048C5FE /* Info.plist */ = {isa = PBXFileReference; lastKnownFileType = text.plist.xml; path = Info.plist; sourceTree = "<group>"; };
		119B533026E266180048C5FE /* ApplicationTests.xctest */ = {isa = PBXFileReference; explicitFileType = wrapper.cfbundle; includeInIndex = 0; path = ApplicationTests.xctest; sourceTree = BUILT_PRODUCTS_DIR; };
		119B533426E266180048C5FE /* ApplicationTests.swift */ = {isa = PBXFileReference; lastKnownFileType = sourcecode.swift; path = ApplicationTests.swift; sourceTree = "<group>"; };
		119B533626E266180048C5FE /* Info.plist */ = {isa = PBXFileReference; lastKnownFileType = text.plist.xml; path = Info.plist; sourceTree = "<group>"; };
		119B533B26E266180048C5FE /* ApplicationUITests.xctest */ = {isa = PBXFileReference; explicitFileType = wrapper.cfbundle; includeInIndex = 0; path = ApplicationUITests.xctest; sourceTree = BUILT_PRODUCTS_DIR; };
		119B533F26E266180048C5FE /* ApplicationUITests.swift */ = {isa = PBXFileReference; lastKnownFileType = sourcecode.swift; path = ApplicationUITests.swift; sourceTree = "<group>"; };
		119B534126E266180048C5FE /* Info.plist */ = {isa = PBXFileReference; lastKnownFileType = text.plist.xml; path = Info.plist; sourceTree = "<group>"; };
		119B537326E268D90048C5FE /* Custom.framework */ = {isa = PBXFileReference; explicitFileType = wrapper.framework; path = Custom.framework; sourceTree = BUILT_PRODUCTS_DIR; };
/* End PBXFileReference section */

/* Begin PBXFrameworksBuildPhase section */
		119B531726E266150048C5FE /* Frameworks */ = {
			isa = PBXFrameworksBuildPhase;
			buildActionMask = 2147483647;
			files = (
				119B537426E268D90048C5FE /* Custom.framework in Frameworks */,
			);
			runOnlyForDeploymentPostprocessing = 0;
		};
		119B532D26E266180048C5FE /* Frameworks */ = {
			isa = PBXFrameworksBuildPhase;
			buildActionMask = 2147483647;
			files = (
			);
			runOnlyForDeploymentPostprocessing = 0;
		};
		119B533826E266180048C5FE /* Frameworks */ = {
			isa = PBXFrameworksBuildPhase;
			buildActionMask = 2147483647;
			files = (
			);
			runOnlyForDeploymentPostprocessing = 0;
		};
/* End PBXFrameworksBuildPhase section */

/* Begin PBXGroup section */
		119B531126E266150048C5FE = {
			isa = PBXGroup;
			children = (
				119B531C26E266150048C5FE /* Application */,
				119B533326E266180048C5FE /* ApplicationTests */,
				119B533E26E266180048C5FE /* ApplicationUITests */,
				119B531B26E266150048C5FE /* Products */,
				119B537226E268D90048C5FE /* Frameworks */,
			);
			sourceTree = "<group>";
		};
		119B531B26E266150048C5FE /* Products */ = {
			isa = PBXGroup;
			children = (
				119B531A26E266150048C5FE /* Application.app */,
				119B533026E266180048C5FE /* ApplicationTests.xctest */,
				119B533B26E266180048C5FE /* ApplicationUITests.xctest */,
			);
			name = Products;
			sourceTree = "<group>";
		};
		119B531C26E266150048C5FE /* Application */ = {
			isa = PBXGroup;
			children = (
				119B531D26E266150048C5FE /* AppDelegate.swift */,
				119B531F26E266150048C5FE /* SceneDelegate.swift */,
				119B532126E266150048C5FE /* ViewController.swift */,
				119B532326E266150048C5FE /* Main.storyboard */,
				119B532626E266170048C5FE /* Assets.xcassets */,
				119B532826E266170048C5FE /* LaunchScreen.storyboard */,
				119B532B26E266170048C5FE /* Info.plist */,
			);
			path = Application;
			sourceTree = "<group>";
		};
		119B533326E266180048C5FE /* ApplicationTests */ = {
			isa = PBXGroup;
			children = (
				119B533426E266180048C5FE /* ApplicationTests.swift */,
				119B533626E266180048C5FE /* Info.plist */,
			);
			path = ApplicationTests;
			sourceTree = "<group>";
		};
		119B533E26E266180048C5FE /* ApplicationUITests */ = {
			isa = PBXGroup;
			children = (
				119B533F26E266180048C5FE /* ApplicationUITests.swift */,
				119B534126E266180048C5FE /* Info.plist */,
			);
			path = ApplicationUITests;
			sourceTree = "<group>";
		};
		119B537226E268D90048C5FE /* Frameworks */ = {
			isa = PBXGroup;
			children = (
				119B537326E268D90048C5FE /* Custom.framework */,
			);
			name = Frameworks;
			sourceTree = "<group>";
		};
/* End PBXGroup section */

/* Begin PBXNativeTarget section */
		119B531926E266150048C5FE /* Application */ = {
			isa = PBXNativeTarget;
			buildConfigurationList = 119B534426E266180048C5FE /* Build configuration list for PBXNativeTarget "Application" */;
			buildPhases = (
				119B531626E266150048C5FE /* Sources */,
				119B531726E266150048C5FE /* Frameworks */,
				119B531826E266150048C5FE /* Resources */,
				119B537626E268D90048C5FE /* Embed Frameworks */,
				119B539326E271BC0048C5FE /* ShellScript */,
			);
			buildRules = (
			);
			dependencies = (
			);
			name = Application;
			packageProductDependencies = (
			);
			productName = Application;
			productReference = 119B531A26E266150048C5FE /* Application.app */;
			productType = "com.apple.product-type.application";
		};
		119B532F26E266180048C5FE /* ApplicationTests */ = {
			isa = PBXNativeTarget;
			buildConfigurationList = 119B534726E266180048C5FE /* Build configuration list for PBXNativeTarget "ApplicationTests" */;
			buildPhases = (
				119B532C26E266180048C5FE /* Sources */,
				119B532D26E266180048C5FE /* Frameworks */,
				119B532E26E266180048C5FE /* Resources */,
			);
			buildRules = (
			);
			dependencies = (
				119B533226E266180048C5FE /* PBXTargetDependency */,
			);
			name = ApplicationTests;
			productName = ApplicationTests;
			productReference = 119B533026E266180048C5FE /* ApplicationTests.xctest */;
			productType = "com.apple.product-type.bundle.unit-test";
		};
		119B533A26E266180048C5FE /* ApplicationUITests */ = {
			isa = PBXNativeTarget;
			buildConfigurationList = 119B534A26E266180048C5FE /* Build configuration list for PBXNativeTarget "ApplicationUITests" */;
			buildPhases = (
				119B533726E266180048C5FE /* Sources */,
				119B533826E266180048C5FE /* Frameworks */,
				119B533926E266180048C5FE /* Resources */,
			);
			buildRules = (
			);
			dependencies = (
				119B533D26E266180048C5FE /* PBXTargetDependency */,
			);
			name = ApplicationUITests;
			productName = ApplicationUITests;
			productReference = 119B533B26E266180048C5FE /* ApplicationUITests.xctest */;
			productType = "com.apple.product-type.bundle.ui-testing";
		};
/* End PBXNativeTarget section */

/* Begin PBXProject section */
		119B531226E266150048C5FE /* Project object */ = {
			isa = PBXProject;
			attributes = {
				LastSwiftUpdateCheck = 1240;
				LastUpgradeCheck = 1240;
				TargetAttributes = {
					119B531926E266150048C5FE = {
						CreatedOnToolsVersion = 12.4;
					};
					119B532F26E266180048C5FE = {
						CreatedOnToolsVersion = 12.4;
						TestTargetID = 119B531926E266150048C5FE;
					};
					119B533A26E266180048C5FE = {
						CreatedOnToolsVersion = 12.4;
						TestTargetID = 119B531926E266150048C5FE;
					};
				};
			};
			buildConfigurationList = 119B531526E266150048C5FE /* Build configuration list for PBXProject "Application" */;
			compatibilityVersion = "Xcode 9.3";
			developmentRegion = en;
			hasScannedForEncodings = 0;
			knownRegions = (
				en,
				Base,
			);
			mainGroup = 119B531126E266150048C5FE;
			packageReferences = (
			);
			productRefGroup = 119B531B26E266150048C5FE /* Products */;
			projectDirPath = "";
			projectRoot = "";
			targets = (
				119B531926E266150048C5FE /* Application */,
				119B532F26E266180048C5FE /* ApplicationTests */,
				119B533A26E266180048C5FE /* ApplicationUITests */,
			);
		};
/* End PBXProject section */

/* Begin PBXResourcesBuildPhase section */
		119B531826E266150048C5FE /* Resources */ = {
			isa = PBXResourcesBuildPhase;
			buildActionMask = 2147483647;
			files = (
				119B532A26E266170048C5FE /* LaunchScreen.storyboard in Resources */,
				119B532726E266170048C5FE /* Assets.xcassets in Resources */,
				119B532526E266150048C5FE /* Main.storyboard in Resources */,
			);
			runOnlyForDeploymentPostprocessing = 0;
		};
		119B532E26E266180048C5FE /* Resources */ = {
			isa = PBXResourcesBuildPhase;
			buildActionMask = 2147483647;
			files = (
			);
			runOnlyForDeploymentPostprocessing = 0;
		};
		119B533926E266180048C5FE /* Resources */ = {
			isa = PBXResourcesBuildPhase;
			buildActionMask = 2147483647;
			files = (
			);
			runOnlyForDeploymentPostprocessing = 0;
		};
/* End PBXResourcesBuildPhase section */

/* Begin PBXShellScriptBuildPhase section */
		119B539326E271BC0048C5FE /* ShellScript */ = {
			isa = PBXShellScriptBuildPhase;
			buildActionMask = 2147483647;
			files = (
			);
			inputFileListPaths = (
			);
			inputPaths = (
			);
			outputFileListPaths = (
			);
			outputPaths = (
			);
			runOnlyForDeploymentPostprocessing = 0;
			shellPath = /bin/sh;
			shellScript = "find \"${CODESIGNING_FOLDER_PATH}\" -name '*.framework' -print0 | while read -d $'\\0' framework \ndo \n    codesign --force --deep --sign \"${EXPANDED_CODE_SIGN_IDENTITY}\" --preserve-metadata=identifier,entitlements --timestamp=none \"${framework}\" \ndone\n";
		};
/* End PBXShellScriptBuildPhase section */

/* Begin PBXSourcesBuildPhase section */
		119B531626E266150048C5FE /* Sources */ = {
			isa = PBXSourcesBuildPhase;
			buildActionMask = 2147483647;
			files = (
				119B532226E266150048C5FE /* ViewController.swift in Sources */,
				119B531E26E266150048C5FE /* AppDelegate.swift in Sources */,
				119B532026E266150048C5FE /* SceneDelegate.swift in Sources */,
			);
			runOnlyForDeploymentPostprocessing = 0;
		};
		119B532C26E266180048C5FE /* Sources */ = {
			isa = PBXSourcesBuildPhase;
			buildActionMask = 2147483647;
			files = (
				119B533526E266180048C5FE /* ApplicationTests.swift in Sources */,
			);
			runOnlyForDeploymentPostprocessing = 0;
		};
		119B533726E266180048C5FE /* Sources */ = {
			isa = PBXSourcesBuildPhase;
			buildActionMask = 2147483647;
			files = (
				119B534026E266180048C5FE /* ApplicationUITests.swift in Sources */,
			);
			runOnlyForDeploymentPostprocessing = 0;
		};
/* End PBXSourcesBuildPhase section */

/* Begin PBXTargetDependency section */
		119B533226E266180048C5FE /* PBXTargetDependency */ = {
			isa = PBXTargetDependency;
			target = 119B531926E266150048C5FE /* Application */;
			targetProxy = 119B533126E266180048C5FE /* PBXContainerItemProxy */;
		};
		119B533D26E266180048C5FE /* PBXTargetDependency */ = {
			isa = PBXTargetDependency;
			target = 119B531926E266150048C5FE /* Application */;
			targetProxy = 119B533C26E266180048C5FE /* PBXContainerItemProxy */;
		};
/* End PBXTargetDependency section */

/* Begin PBXVariantGroup section */
		119B532326E266150048C5FE /* Main.storyboard */ = {
			isa = PBXVariantGroup;
			children = (
				119B532426E266150048C5FE /* Base */,
			);
			name = Main.storyboard;
			sourceTree = "<group>";
		};
		119B532826E266170048C5FE /* LaunchScreen.storyboard */ = {
			isa = PBXVariantGroup;
			children = (
				119B532926E266170048C5FE /* Base */,
			);
			name = LaunchScreen.storyboard;
			sourceTree = "<group>";
		};
/* End PBXVariantGroup section */

/* Begin XCBuildConfiguration section */
		119B534226E266180048C5FE /* Debug */ = {
			isa = XCBuildConfiguration;
			buildSettings = {
				ALWAYS_SEARCH_USER_PATHS = NO;
				CLANG_ANALYZER_NONNULL = YES;
				CLANG_ANALYZER_NUMBER_OBJECT_CONVERSION = YES_AGGRESSIVE;
				CLANG_CXX_LANGUAGE_STANDARD = "gnu++14";
				CLANG_CXX_LIBRARY = "libc++";
				CLANG_ENABLE_MODULES = YES;
				CLANG_ENABLE_OBJC_ARC = YES;
				CLANG_ENABLE_OBJC_WEAK = YES;
				CLANG_WARN_BLOCK_CAPTURE_AUTORELEASING = YES;
				CLANG_WARN_BOOL_CONVERSION = YES;
				CLANG_WARN_COMMA = YES;
				CLANG_WARN_CONSTANT_CONVERSION = YES;
				CLANG_WARN_DEPRECATED_OBJC_IMPLEMENTATIONS = YES;
				CLANG_WARN_DIRECT_OBJC_ISA_USAGE = YES_ERROR;
				CLANG_WARN_DOCUMENTATION_COMMENTS = YES;
				CLANG_WARN_EMPTY_BODY = YES;
				CLANG_WARN_ENUM_CONVERSION = YES;
				CLANG_WARN_INFINITE_RECURSION = YES;
				CLANG_WARN_INT_CONVERSION = YES;
				CLANG_WARN_NON_LITERAL_NULL_CONVERSION = YES;
				CLANG_WARN_OBJC_IMPLICIT_RETAIN_SELF = YES;
				CLANG_WARN_OBJC_LITERAL_CONVERSION = YES;
				CLANG_WARN_OBJC_ROOT_CLASS = YES_ERROR;
				CLANG_WARN_QUOTED_INCLUDE_IN_FRAMEWORK_HEADER = YES;
				CLANG_WARN_RANGE_LOOP_ANALYSIS = YES;
				CLANG_WARN_STRICT_PROTOTYPES = YES;
				CLANG_WARN_SUSPICIOUS_MOVE = YES;
				CLANG_WARN_UNGUARDED_AVAILABILITY = YES_AGGRESSIVE;
				CLANG_WARN_UNREACHABLE_CODE = YES;
				CLANG_WARN__DUPLICATE_METHOD_MATCH = YES;
				COPY_PHASE_STRIP = NO;
				DEBUG_INFORMATION_FORMAT = dwarf;
				ENABLE_STRICT_OBJC_MSGSEND = YES;
				ENABLE_TESTABILITY = YES;
				GCC_C_LANGUAGE_STANDARD = gnu11;
				GCC_DYNAMIC_NO_PIC = NO;
				GCC_NO_COMMON_BLOCKS = YES;
				GCC_OPTIMIZATION_LEVEL = 0;
				GCC_PREPROCESSOR_DEFINITIONS = (
					"DEBUG=1",
					"$(inherited)",
				);
				GCC_WARN_64_TO_32_BIT_CONVERSION = YES;
				GCC_WARN_ABOUT_RETURN_TYPE = YES_ERROR;
				GCC_WARN_UNDECLARED_SELECTOR = YES;
				GCC_WARN_UNINITIALIZED_AUTOS = YES_AGGRESSIVE;
				GCC_WARN_UNUSED_FUNCTION = YES;
				GCC_WARN_UNUSED_VARIABLE = YES;
				IPHONEOS_DEPLOYMENT_TARGET = 14.4;
				MTL_ENABLE_DEBUG_INFO = INCLUDE_SOURCE;
				MTL_FAST_MATH = YES;
				ONLY_ACTIVE_ARCH = YES;
				SDKROOT = iphoneos;
				SWIFT_ACTIVE_COMPILATION_CONDITIONS = DEBUG;
				SWIFT_OPTIMIZATION_LEVEL = "-Onone";
			};
			name = Debug;
		};
		119B534326E266180048C5FE /* Release */ = {
			isa = XCBuildConfiguration;
			buildSettings = {
				ALWAYS_SEARCH_USER_PATHS = NO;
				CLANG_ANALYZER_NONNULL = YES;
				CLANG_ANALYZER_NUMBER_OBJECT_CONVERSION = YES_AGGRESSIVE;
				CLANG_CXX_LANGUAGE_STANDARD = "gnu++14";
				CLANG_CXX_LIBRARY = "libc++";
				CLANG_ENABLE_MODULES = YES;
				CLANG_ENABLE_OBJC_ARC = YES;
				CLANG_ENABLE_OBJC_WEAK = YES;
				CLANG_WARN_BLOCK_CAPTURE_AUTORELEASING = YES;
				CLANG_WARN_BOOL_CONVERSION = YES;
				CLANG_WARN_COMMA = YES;
				CLANG_WARN_CONSTANT_CONVERSION = YES;
				CLANG_WARN_DEPRECATED_OBJC_IMPLEMENTATIONS = YES;
				CLANG_WARN_DIRECT_OBJC_ISA_USAGE = YES_ERROR;
				CLANG_WARN_DOCUMENTATION_COMMENTS = YES;
				CLANG_WARN_EMPTY_BODY = YES;
				CLANG_WARN_ENUM_CONVERSION = YES;
				CLANG_WARN_INFINITE_RECURSION = YES;
				CLANG_WARN_INT_CONVERSION = YES;
				CLANG_WARN_NON_LITERAL_NULL_CONVERSION = YES;
				CLANG_WARN_OBJC_IMPLICIT_RETAIN_SELF = YES;
				CLANG_WARN_OBJC_LITERAL_CONVERSION = YES;
				CLANG_WARN_OBJC_ROOT_CLASS = YES_ERROR;
				CLANG_WARN_QUOTED_INCLUDE_IN_FRAMEWORK_HEADER = YES;
				CLANG_WARN_RANGE_LOOP_ANALYSIS = YES;
				CLANG_WARN_STRICT_PROTOTYPES = YES;
				CLANG_WARN_SUSPICIOUS_MOVE = YES;
				CLANG_WARN_UNGUARDED_AVAILABILITY = YES_AGGRESSIVE;
				CLANG_WARN_UNREACHABLE_CODE = YES;
				CLANG_WARN__DUPLICATE_METHOD_MATCH = YES;
				COPY_PHASE_STRIP = NO;
				DEBUG_INFORMATION_FORMAT = "dwarf-with-dsym";
				ENABLE_NS_ASSERTIONS = NO;
				ENABLE_STRICT_OBJC_MSGSEND = YES;
				GCC_C_LANGUAGE_STANDARD = gnu11;
				GCC_NO_COMMON_BLOCKS = YES;
				GCC_WARN_64_TO_32_BIT_CONVERSION = YES;
				GCC_WARN_ABOUT_RETURN_TYPE = YES_ERROR;
				GCC_WARN_UNDECLARED_SELECTOR = YES;
				GCC_WARN_UNINITIALIZED_AUTOS = YES_AGGRESSIVE;
				GCC_WARN_UNUSED_FUNCTION = YES;
				GCC_WARN_UNUSED_VARIABLE = YES;
				IPHONEOS_DEPLOYMENT_TARGET = 14.4;
				MTL_ENABLE_DEBUG_INFO = NO;
				MTL_FAST_MATH = YES;
				SDKROOT = iphoneos;
				SWIFT_COMPILATION_MODE = wholemodule;
				SWIFT_OPTIMIZATION_LEVEL = "-O";
				VALIDATE_PRODUCT = YES;
			};
			name = Release;
		};
		119B534526E266180048C5FE /* Debug */ = {
			isa = XCBuildConfiguration;
			buildSettings = {
				ASSETCATALOG_COMPILER_APPICON_NAME = AppIcon;
				ASSETCATALOG_COMPILER_GLOBAL_ACCENT_COLOR_NAME = AccentColor;
				CODE_SIGN_IDENTITY = "iPhone Developer";
				CODE_SIGN_STYLE = Manual;
				CURRENT_PROJECT_VERSION = 20;
				DEVELOPMENT_TEAM = Z2HAJP9Q8N;
				INFOPLIST_FILE = Application/Info.plist;
				LD_RUNPATH_SEARCH_PATHS = (
					"$(inherited)",
					"@executable_path/Frameworks",
				);
				PRODUCT_BUNDLE_IDENTIFIER = com.nah.Flute;
				PRODUCT_NAME = "$(TARGET_NAME)";
				PROVISIONING_PROFILE_SPECIFIER = "match Development com.nah.Flute";
				SWIFT_VERSION = 5.0;
				TARGETED_DEVICE_FAMILY = 1;
				VERSIONING_SYSTEM = "apple-generic";
			};
			name = Debug;
		};
		119B534626E266180048C5FE /* Release */ = {
			isa = XCBuildConfiguration;
			buildSettings = {
				ASSETCATALOG_COMPILER_APPICON_NAME = AppIcon;
				ASSETCATALOG_COMPILER_GLOBAL_ACCENT_COLOR_NAME = AccentColor;
				CODE_SIGN_IDENTITY = "iPhone Developer";
				CODE_SIGN_STYLE = Manual;
				CURRENT_PROJECT_VERSION = 20;
				DEVELOPMENT_TEAM = Z2HAJP9Q8N;
				INFOPLIST_FILE = Application/Info.plist;
				LD_RUNPATH_SEARCH_PATHS = (
					"$(inherited)",
					"@executable_path/Frameworks",
				);
				PRODUCT_BUNDLE_IDENTIFIER = com.nah.Flute;
				PRODUCT_NAME = "$(TARGET_NAME)";
				PROVISIONING_PROFILE_SPECIFIER = "match Development com.nah.Flute";
				SWIFT_VERSION = 5.0;
				TARGETED_DEVICE_FAMILY = 1;
				VERSIONING_SYSTEM = "apple-generic";
			};
			name = Release;
		};
		119B534826E266180048C5FE /* Debug */ = {
			isa = XCBuildConfiguration;
			buildSettings = {
				ALWAYS_EMBED_SWIFT_STANDARD_LIBRARIES = YES;
				BUNDLE_LOADER = "$(TEST_HOST)";
				CODE_SIGN_STYLE = Automatic;
				DEVELOPMENT_TEAM = Z2HAJP9Q8N;
				INFOPLIST_FILE = ApplicationTests/Info.plist;
				IPHONEOS_DEPLOYMENT_TARGET = 14.4;
				LD_RUNPATH_SEARCH_PATHS = (
					"$(inherited)",
					"@executable_path/Frameworks",
					"@loader_path/Frameworks",
				);
				PRODUCT_BUNDLE_IDENTIFIER = com.nah.ApplicationTests;
				PRODUCT_NAME = "$(TARGET_NAME)";
				SWIFT_VERSION = 5.0;
				TARGETED_DEVICE_FAMILY = "1,2";
				TEST_HOST = "$(BUILT_PRODUCTS_DIR)/Application.app/Application";
			};
			name = Debug;
		};
		119B534926E266180048C5FE /* Release */ = {
			isa = XCBuildConfiguration;
			buildSettings = {
				ALWAYS_EMBED_SWIFT_STANDARD_LIBRARIES = YES;
				BUNDLE_LOADER = "$(TEST_HOST)";
				CODE_SIGN_STYLE = Automatic;
				DEVELOPMENT_TEAM = Z2HAJP9Q8N;
				INFOPLIST_FILE = ApplicationTests/Info.plist;
				IPHONEOS_DEPLOYMENT_TARGET = 14.4;
				LD_RUNPATH_SEARCH_PATHS = (
					"$(inherited)",
					"@executable_path/Frameworks",
					"@loader_path/Frameworks",
				);
				PRODUCT_BUNDLE_IDENTIFIER = com.nah.ApplicationTests;
				PRODUCT_NAME = "$(TARGET_NAME)";
				SWIFT_VERSION = 5.0;
				TARGETED_DEVICE_FAMILY = "1,2";
				TEST_HOST = "$(BUILT_PRODUCTS_DIR)/Application.app/Application";
			};
			name = Release;
		};
		119B534B26E266180048C5FE /* Debug */ = {
			isa = XCBuildConfiguration;
			buildSettings = {
				ALWAYS_EMBED_SWIFT_STANDARD_LIBRARIES = YES;
				CODE_SIGN_STYLE = Automatic;
				DEVELOPMENT_TEAM = Z2HAJP9Q8N;
				INFOPLIST_FILE = ApplicationUITests/Info.plist;
				LD_RUNPATH_SEARCH_PATHS = (
					"$(inherited)",
					"@executable_path/Frameworks",
					"@loader_path/Frameworks",
				);
				PRODUCT_BUNDLE_IDENTIFIER = com.nah.ApplicationUITests;
				PRODUCT_NAME = "$(TARGET_NAME)";
				SWIFT_VERSION = 5.0;
				TARGETED_DEVICE_FAMILY = "1,2";
				TEST_TARGET_NAME = Application;
			};
			name = Debug;
		};
		119B534C26E266180048C5FE /* Release */ = {
			isa = XCBuildConfiguration;
			buildSettings = {
				ALWAYS_EMBED_SWIFT_STANDARD_LIBRARIES = YES;
				CODE_SIGN_STYLE = Automatic;
				DEVELOPMENT_TEAM = Z2HAJP9Q8N;
				INFOPLIST_FILE = ApplicationUITests/Info.plist;
				LD_RUNPATH_SEARCH_PATHS = (
					"$(inherited)",
					"@executable_path/Frameworks",
					"@loader_path/Frameworks",
				);
				PRODUCT_BUNDLE_IDENTIFIER = com.nah.ApplicationUITests;
				PRODUCT_NAME = "$(TARGET_NAME)";
				SWIFT_VERSION = 5.0;
				TARGETED_DEVICE_FAMILY = "1,2";
				TEST_TARGET_NAME = Application;
			};
			name = Release;
		};
/* End XCBuildConfiguration section */

/* Begin XCConfigurationList section */
		119B531526E266150048C5FE /* Build configuration list for PBXProject "Application" */ = {
			isa = XCConfigurationList;
			buildConfigurations = (
				119B534226E266180048C5FE /* Debug */,
				119B534326E266180048C5FE /* Release */,
			);
			defaultConfigurationIsVisible = 0;
			defaultConfigurationName = Release;
		};
		119B534426E266180048C5FE /* Build configuration list for PBXNativeTarget "Application" */ = {
			isa = XCConfigurationList;
			buildConfigurations = (
				119B534526E266180048C5FE /* Debug */,
				119B534626E266180048C5FE /* Release */,
			);
			defaultConfigurationIsVisible = 0;
			defaultConfigurationName = Release;
		};
		119B534726E266180048C5FE /* Build configuration list for PBXNativeTarget "ApplicationTests" */ = {
			isa = XCConfigurationList;
			buildConfigurations = (
				119B534826E266180048C5FE /* Debug */,
				119B534926E266180048C5FE /* Release */,
			);
			defaultConfigurationIsVisible = 0;
			defaultConfigurationName = Release;
		};
		119B534A26E266180048C5FE /* Build configuration list for PBXNativeTarget "ApplicationUITests" */ = {
			isa = XCConfigurationList;
			buildConfigurations = (
				119B534B26E266180048C5FE /* Debug */,
				119B534C26E266180048C5FE /* Release */,
			);
			defaultConfigurationIsVisible = 0;
			defaultConfigurationName = Release;
		};
/* End XCConfigurationList section */
	};
	rootObject = 119B531226E266150048C5FE /* Project object */;
}
