{
  "object": {
    "pins": [
      {
        "package": "SVProgressHUD",
        "repositoryURL": "https://github.com/nahung89/SVProgressHUD",
        "state": {
          "branch": "master",
          "revision": "0b706f81f867171e9e721521aeec485c884f5794",
          "version": null
        }
      }
    ]
  },
  "version": 1
}
